// !$*UTF8*$!
{
	archiveVersion = 1;
	classes = {
	};
	objectVersion = 51;
	objects = {

/* Begin PBXBuildFile section */
		17F4A6DA087FA10CD171A0E5 /* Pods_Example.framework in Frameworks */ = {isa = PBXBuildFile; fileRef = 5F6614FBB2A46DAAA838193B /* Pods_Example.framework */; };
		325B8D89D0AAE5BBDDFD1706 /* Pods_ExampleTests.framework in Frameworks */ = {isa = PBXBuildFile; fileRef = 9D9C9DC4323C9E2E1E8CC664 /* Pods_ExampleTests.framework */; };
		6D21558625066EC500688453 /* CleanerKit.framework in Frameworks */ = {isa = PBXBuildFile; fileRef = 6D84713B2442D3AC00DED1FC /* CleanerKit.framework */; };
		6D21558725066EC500688453 /* CleanerKit.framework in Embed Frameworks */ = {isa = PBXBuildFile; fileRef = 6D84713B2442D3AC00DED1FC /* CleanerKit.framework */; settings = {ATTRIBUTES = (RemoveHeadersOnCopy, ); }; };
		6D349C9425065D110085F13D /* StoreInteractor.swift in Sources */ = {isa = PBXBuildFile; fileRef = 6D349C9325065D110085F13D /* StoreInteractor.swift */; };
		6D349C9625065D840085F13D /* StoreParams.swift in Sources */ = {isa = PBXBuildFile; fileRef = 6D349C9525065D840085F13D /* StoreParams.swift */; };
		6D349C9825065D920085F13D /* StoreResponseModels.swift in Sources */ = {isa = PBXBuildFile; fileRef = 6D349C9725065D920085F13D /* StoreResponseModels.swift */; };
		6D6E0DCC2501B1D200731783 /* Check.swift in Sources */ = {isa = PBXBuildFile; fileRef = 6D6E0DCB2501B1D200731783 /* Check.swift */; };
		6DBFE5AC2442CFC300178460 /* AppDelegate.swift in Sources */ = {isa = PBXBuildFile; fileRef = 6DBFE5AB2442CFC300178460 /* AppDelegate.swift */; };
		6DBFE5B02442CFC300178460 /* ViewController.swift in Sources */ = {isa = PBXBuildFile; fileRef = 6DBFE5AF2442CFC300178460 /* ViewController.swift */; };
		6DBFE5B32442CFC300178460 /* Main.storyboard in Resources */ = {isa = PBXBuildFile; fileRef = 6DBFE5B12442CFC300178460 /* Main.storyboard */; };
		6DBFE5B62442CFC300178460 /* Example.xcdatamodeld in Sources */ = {isa = PBXBuildFile; fileRef = 6DBFE5B42442CFC300178460 /* Example.xcdatamodeld */; };
		6DBFE5B82442CFC400178460 /* Assets.xcassets in Resources */ = {isa = PBXBuildFile; fileRef = 6DBFE5B72442CFC400178460 /* Assets.xcassets */; };
		6DBFE5BB2442CFC400178460 /* LaunchScreen.storyboard in Resources */ = {isa = PBXBuildFile; fileRef = 6DBFE5B92442CFC400178460 /* LaunchScreen.storyboard */; };
		6DBFE5C62442CFC400178460 /* ExampleTests.swift in Sources */ = {isa = PBXBuildFile; fileRef = 6DBFE5C52442CFC400178460 /* ExampleTests.swift */; };
		6DBFE5D12442CFC500178460 /* ExampleUITests.swift in Sources */ = {isa = PBXBuildFile; fileRef = 6DBFE5D02442CFC500178460 /* ExampleUITests.swift */; };
		D51EA508389A0C731AF9136C /* Pods_Example_ExampleUITests.framework in Frameworks */ = {isa = PBXBuildFile; fileRef = 80D4182169C0FE2927CCFFBE /* Pods_Example_ExampleUITests.framework */; };
/* End PBXBuildFile section */

/* Begin PBXContainerItemProxy section */
		6DBFE5C22442CFC400178460 /* PBXContainerItemProxy */ = {
			isa = PBXContainerItemProxy;
			containerPortal = 6DBFE5A02442CFC300178460 /* Project object */;
			proxyType = 1;
			remoteGlobalIDString = 6DBFE5A72442CFC300178460;
			remoteInfo = Example;
		};
		6DBFE5CD2442CFC500178460 /* PBXContainerItemProxy */ = {
			isa = PBXContainerItemProxy;
			containerPortal = 6DBFE5A02442CFC300178460 /* Project object */;
			proxyType = 1;
			remoteGlobalIDString = 6DBFE5A72442CFC300178460;
			remoteInfo = Example;
		};
		6DC753CF244497250094A1EB /* PBXContainerItemProxy */ = {
			isa = PBXContainerItemProxy;
			containerPortal = 6DC753C9244497250094A1EB /* CleanerKit.xcodeproj */;
			proxyType = 2;
			remoteGlobalIDString = 6DC7539A244490F10094A1EB;
			remoteInfo = CleanerKit;
		};
		6DC753D1244497250094A1EB /* PBXContainerItemProxy */ = {
			isa = PBXContainerItemProxy;
			containerPortal = 6DC753C9244497250094A1EB /* CleanerKit.xcodeproj */;
			proxyType = 2;
			remoteGlobalIDString = 6DC753A3244490F10094A1EB;
			remoteInfo = CleanerKitTests;
		};
		6DC753D32444972E0094A1EB /* PBXContainerItemProxy */ = {
			isa = PBXContainerItemProxy;
			containerPortal = 6DC753C9244497250094A1EB /* CleanerKit.xcodeproj */;
			proxyType = 1;
			remoteGlobalIDString = 6DC753C1244494A50094A1EB;
			remoteInfo = "CleanerKit-Universal";
		};
/* End PBXContainerItemProxy section */

/* Begin PBXCopyFilesBuildPhase section */
		6D21558825066EC500688453 /* Embed Frameworks */ = {
			isa = PBXCopyFilesBuildPhase;
			buildActionMask = 2147483647;
			dstPath = "";
			dstSubfolderSpec = 10;
			files = (
				6D21558725066EC500688453 /* CleanerKit.framework in Embed Frameworks */,
			);
			name = "Embed Frameworks";
			runOnlyForDeploymentPostprocessing = 0;
		};
/* End PBXCopyFilesBuildPhase section */

/* Begin PBXFileReference section */
		25DF03BD6F4AEA8665E6F6AF /* Pods-Example.release.xcconfig */ = {isa = PBXFileReference; includeInIndex = 1; lastKnownFileType = text.xcconfig; name = "Pods-Example.release.xcconfig"; path = "Target Support Files/Pods-Example/Pods-Example.release.xcconfig"; sourceTree = "<group>"; };
		5F6614FBB2A46DAAA838193B /* Pods_Example.framework */ = {isa = PBXFileReference; explicitFileType = wrapper.framework; includeInIndex = 0; path = Pods_Example.framework; sourceTree = BUILT_PRODUCTS_DIR; };
		6198D7DF82A2C27E945A1B74 /* Pods-Example-ExampleUITests.debug.xcconfig */ = {isa = PBXFileReference; includeInIndex = 1; lastKnownFileType = text.xcconfig; name = "Pods-Example-ExampleUITests.debug.xcconfig"; path = "Target Support Files/Pods-Example-ExampleUITests/Pods-Example-ExampleUITests.debug.xcconfig"; sourceTree = "<group>"; };
		6D349C9325065D110085F13D /* StoreInteractor.swift */ = {isa = PBXFileReference; lastKnownFileType = sourcecode.swift; path = StoreInteractor.swift; sourceTree = "<group>"; };
		6D349C9525065D840085F13D /* StoreParams.swift */ = {isa = PBXFileReference; lastKnownFileType = sourcecode.swift; path = StoreParams.swift; sourceTree = "<group>"; };
		6D349C9725065D920085F13D /* StoreResponseModels.swift */ = {isa = PBXFileReference; lastKnownFileType = sourcecode.swift; path = StoreResponseModels.swift; sourceTree = "<group>"; };
		6D6E0DCB2501B1D200731783 /* Check.swift */ = {isa = PBXFileReference; lastKnownFileType = sourcecode.swift; path = Check.swift; sourceTree = "<group>"; };
		6D84713B2442D3AC00DED1FC /* CleanerKit.framework */ = {isa = PBXFileReference; lastKnownFileType = wrapper.framework; path = CleanerKit.framework; sourceTree = "<group>"; };
		6DBFE5A82442CFC300178460 /* Example.app */ = {isa = PBXFileReference; explicitFileType = wrapper.application; includeInIndex = 0; path = Example.app; sourceTree = BUILT_PRODUCTS_DIR; };
		6DBFE5AB2442CFC300178460 /* AppDelegate.swift */ = {isa = PBXFileReference; lastKnownFileType = sourcecode.swift; path = AppDelegate.swift; sourceTree = "<group>"; };
		6DBFE5AF2442CFC300178460 /* ViewController.swift */ = {isa = PBXFileReference; lastKnownFileType = sourcecode.swift; path = ViewController.swift; sourceTree = "<group>"; };
		6DBFE5B22442CFC300178460 /* Base */ = {isa = PBXFileReference; lastKnownFileType = file.storyboard; name = Base; path = Base.lproj/Main.storyboard; sourceTree = "<group>"; };
		6DBFE5B52442CFC300178460 /* Example.xcdatamodel */ = {isa = PBXFileReference; lastKnownFileType = wrapper.xcdatamodel; path = Example.xcdatamodel; sourceTree = "<group>"; };
		6DBFE5B72442CFC400178460 /* Assets.xcassets */ = {isa = PBXFileReference; lastKnownFileType = folder.assetcatalog; path = Assets.xcassets; sourceTree = "<group>"; };
		6DBFE5BA2442CFC400178460 /* Base */ = {isa = PBXFileReference; lastKnownFileType = file.storyboard; name = Base; path = Base.lproj/LaunchScreen.storyboard; sourceTree = "<group>"; };
		6DBFE5BC2442CFC400178460 /* Info.plist */ = {isa = PBXFileReference; lastKnownFileType = text.plist.xml; path = Info.plist; sourceTree = "<group>"; };
		6DBFE5C12442CFC400178460 /* ExampleTests.xctest */ = {isa = PBXFileReference; explicitFileType = wrapper.cfbundle; includeInIndex = 0; path = ExampleTests.xctest; sourceTree = BUILT_PRODUCTS_DIR; };
		6DBFE5C52442CFC400178460 /* ExampleTests.swift */ = {isa = PBXFileReference; lastKnownFileType = sourcecode.swift; path = ExampleTests.swift; sourceTree = "<group>"; };
		6DBFE5C72442CFC400178460 /* Info.plist */ = {isa = PBXFileReference; lastKnownFileType = text.plist.xml; path = Info.plist; sourceTree = "<group>"; };
		6DBFE5CC2442CFC500178460 /* ExampleUITests.xctest */ = {isa = PBXFileReference; explicitFileType = wrapper.cfbundle; includeInIndex = 0; path = ExampleUITests.xctest; sourceTree = BUILT_PRODUCTS_DIR; };
		6DBFE5D02442CFC500178460 /* ExampleUITests.swift */ = {isa = PBXFileReference; lastKnownFileType = sourcecode.swift; path = ExampleUITests.swift; sourceTree = "<group>"; };
		6DBFE5D22442CFC500178460 /* Info.plist */ = {isa = PBXFileReference; lastKnownFileType = text.plist.xml; path = Info.plist; sourceTree = "<group>"; };
		6DC753C9244497250094A1EB /* CleanerKit.xcodeproj */ = {isa = PBXFileReference; lastKnownFileType = "wrapper.pb-project"; name = CleanerKit.xcodeproj; path = ../CleanerKit/CleanerKit.xcodeproj; sourceTree = "<group>"; };
		755DDD487218C350ADF56B7A /* Pods-ExampleTests.debug.xcconfig */ = {isa = PBXFileReference; includeInIndex = 1; lastKnownFileType = text.xcconfig; name = "Pods-ExampleTests.debug.xcconfig"; path = "Target Support Files/Pods-ExampleTests/Pods-ExampleTests.debug.xcconfig"; sourceTree = "<group>"; };
		80D4182169C0FE2927CCFFBE /* Pods_Example_ExampleUITests.framework */ = {isa = PBXFileReference; explicitFileType = wrapper.framework; includeInIndex = 0; path = Pods_Example_ExampleUITests.framework; sourceTree = BUILT_PRODUCTS_DIR; };
		9D9C9DC4323C9E2E1E8CC664 /* Pods_ExampleTests.framework */ = {isa = PBXFileReference; explicitFileType = wrapper.framework; includeInIndex = 0; path = Pods_ExampleTests.framework; sourceTree = BUILT_PRODUCTS_DIR; };
		C5D734C2B9DF8AB72A694AD3 /* Pods-Example.debug.xcconfig */ = {isa = PBXFileReference; includeInIndex = 1; lastKnownFileType = text.xcconfig; name = "Pods-Example.debug.xcconfig"; path = "Target Support Files/Pods-Example/Pods-Example.debug.xcconfig"; sourceTree = "<group>"; };
		EE6F4F4FA3C918756E772310 /* Pods-Example-ExampleUITests.release.xcconfig */ = {isa = PBXFileReference; includeInIndex = 1; lastKnownFileType = text.xcconfig; name = "Pods-Example-ExampleUITests.release.xcconfig"; path = "Target Support Files/Pods-Example-ExampleUITests/Pods-Example-ExampleUITests.release.xcconfig"; sourceTree = "<group>"; };
		EF3BF1A078C6DA617D1B0EA7 /* Pods-ExampleTests.release.xcconfig */ = {isa = PBXFileReference; includeInIndex = 1; lastKnownFileType = text.xcconfig; name = "Pods-ExampleTests.release.xcconfig"; path = "Target Support Files/Pods-ExampleTests/Pods-ExampleTests.release.xcconfig"; sourceTree = "<group>"; };
/* End PBXFileReference section */

/* Begin PBXFrameworksBuildPhase section */
		6DBFE5A52442CFC300178460 /* Frameworks */ = {
			isa = PBXFrameworksBuildPhase;
			buildActionMask = 2147483647;
			files = (
				6D21558625066EC500688453 /* CleanerKit.framework in Frameworks */,
				17F4A6DA087FA10CD171A0E5 /* Pods_Example.framework in Frameworks */,
			);
			runOnlyForDeploymentPostprocessing = 0;
		};
		6DBFE5BE2442CFC400178460 /* Frameworks */ = {
			isa = PBXFrameworksBuildPhase;
			buildActionMask = 2147483647;
			files = (
				325B8D89D0AAE5BBDDFD1706 /* Pods_ExampleTests.framework in Frameworks */,
			);
			runOnlyForDeploymentPostprocessing = 0;
		};
		6DBFE5C92442CFC500178460 /* Frameworks */ = {
			isa = PBXFrameworksBuildPhase;
			buildActionMask = 2147483647;
			files = (
				D51EA508389A0C731AF9136C /* Pods_Example_ExampleUITests.framework in Frameworks */,
			);
			runOnlyForDeploymentPostprocessing = 0;
		};
/* End PBXFrameworksBuildPhase section */

/* Begin PBXGroup section */
		1E2DBC256719CCD858E1E6EC /* Pods */ = {
			isa = PBXGroup;
			children = (
				C5D734C2B9DF8AB72A694AD3 /* Pods-Example.debug.xcconfig */,
				25DF03BD6F4AEA8665E6F6AF /* Pods-Example.release.xcconfig */,
				6198D7DF82A2C27E945A1B74 /* Pods-Example-ExampleUITests.debug.xcconfig */,
				EE6F4F4FA3C918756E772310 /* Pods-Example-ExampleUITests.release.xcconfig */,
				755DDD487218C350ADF56B7A /* Pods-ExampleTests.debug.xcconfig */,
				EF3BF1A078C6DA617D1B0EA7 /* Pods-ExampleTests.release.xcconfig */,
			);
			path = Pods;
			sourceTree = "<group>";
		};
		6D349C8F25065CC30085F13D /* Views */ = {
			isa = PBXGroup;
			children = (
				6DBFE5AF2442CFC300178460 /* ViewController.swift */,
			);
			path = Views;
			sourceTree = "<group>";
		};
		6D349C9225065D030085F13D /* Interactors */ = {
			isa = PBXGroup;
			children = (
				6D349C9325065D110085F13D /* StoreInteractor.swift */,
				6D349C9525065D840085F13D /* StoreParams.swift */,
				6D349C9725065D920085F13D /* StoreResponseModels.swift */,
			);
			path = Interactors;
			sourceTree = "<group>";
		};
		6D84713A2442D3AC00DED1FC /* CleanerKit */ = {
			isa = PBXGroup;
			children = (
				6D84713B2442D3AC00DED1FC /* CleanerKit.framework */,
			);
			name = CleanerKit;
			path = ../ThirdKits/CleanerKit;
			sourceTree = "<group>";
		};
		6DBFE59F2442CFC300178460 = {
			isa = PBXGroup;
			children = (
				6DC753C9244497250094A1EB /* CleanerKit.xcodeproj */,
				6DBFE5AA2442CFC300178460 /* Example */,
				6DBFE5C42442CFC400178460 /* ExampleTests */,
				6DBFE5CF2442CFC500178460 /* ExampleUITests */,
				D73764F3BB35ED3C3DF3D44D /* Frameworks */,
				1E2DBC256719CCD858E1E6EC /* Pods */,
				6DBFE5A92442CFC300178460 /* Products */,
				6DBFE5DE2442CFD400178460 /* ThirdLibs */,
			);
			sourceTree = "<group>";
		};
		6DBFE5A92442CFC300178460 /* Products */ = {
			isa = PBXGroup;
			children = (
				6DBFE5A82442CFC300178460 /* Example.app */,
				6DBFE5C12442CFC400178460 /* ExampleTests.xctest */,
				6DBFE5CC2442CFC500178460 /* ExampleUITests.xctest */,
			);
			name = Products;
			sourceTree = "<group>";
		};
		6DBFE5AA2442CFC300178460 /* Example */ = {
			isa = PBXGroup;
			children = (
				6D349C9225065D030085F13D /* Interactors */,
				6D349C8F25065CC30085F13D /* Views */,
				6DBFE5AB2442CFC300178460 /* AppDelegate.swift */,
				6DBFE5B12442CFC300178460 /* Main.storyboard */,
				6DBFE5B72442CFC400178460 /* Assets.xcassets */,
				6DBFE5B92442CFC400178460 /* LaunchScreen.storyboard */,
				6DBFE5BC2442CFC400178460 /* Info.plist */,
				6DBFE5B42442CFC300178460 /* Example.xcdatamodeld */,
				6D6E0DCB2501B1D200731783 /* Check.swift */,
			);
			path = Example;
			sourceTree = "<group>";
		};
		6DBFE5C42442CFC400178460 /* ExampleTests */ = {
			isa = PBXGroup;
			children = (
				6DBFE5C52442CFC400178460 /* ExampleTests.swift */,
				6DBFE5C72442CFC400178460 /* Info.plist */,
			);
			path = ExampleTests;
			sourceTree = "<group>";
		};
		6DBFE5CF2442CFC500178460 /* ExampleUITests */ = {
			isa = PBXGroup;
			children = (
				6DBFE5D02442CFC500178460 /* ExampleUITests.swift */,
				6DBFE5D22442CFC500178460 /* Info.plist */,
			);
			path = ExampleUITests;
			sourceTree = "<group>";
		};
		6DBFE5DE2442CFD400178460 /* ThirdLibs */ = {
			isa = PBXGroup;
			children = (
				6D84713A2442D3AC00DED1FC /* CleanerKit */,
			);
			name = ThirdLibs;
			path = ../ThirdLibs;
			sourceTree = "<group>";
		};
		6DC753CA244497250094A1EB /* Products */ = {
			isa = PBXGroup;
			children = (
				6DC753D0244497250094A1EB /* CleanerKit.framework */,
				6DC753D2244497250094A1EB /* CleanerKitTests.xctest */,
			);
			name = Products;
			sourceTree = "<group>";
		};
		D73764F3BB35ED3C3DF3D44D /* Frameworks */ = {
			isa = PBXGroup;
			children = (
				5F6614FBB2A46DAAA838193B /* Pods_Example.framework */,
				80D4182169C0FE2927CCFFBE /* Pods_Example_ExampleUITests.framework */,
				9D9C9DC4323C9E2E1E8CC664 /* Pods_ExampleTests.framework */,
			);
			name = Frameworks;
			sourceTree = "<group>";
		};
/* End PBXGroup section */

/* Begin PBXNativeTarget section */
		6DBFE5A72442CFC300178460 /* Example */ = {
			isa = PBXNativeTarget;
			buildConfigurationList = 6DBFE5D52442CFC500178460 /* Build configuration list for PBXNativeTarget "Example" */;
			buildPhases = (
				E35008BDB98FD72C96759A0E /* [CP] Check Pods Manifest.lock */,
				6DBFE5A42442CFC300178460 /* Sources */,
				6DBFE5A52442CFC300178460 /* Frameworks */,
				6DBFE5A62442CFC300178460 /* Resources */,
				4394D2B713B66F3D6938D2BC /* [CP] Embed Pods Frameworks */,
				6D21558825066EC500688453 /* Embed Frameworks */,
			);
			buildRules = (
			);
			dependencies = (
				6DC753D42444972E0094A1EB /* PBXTargetDependency */,
			);
			name = Example;
			productName = Example;
			productReference = 6DBFE5A82442CFC300178460 /* Example.app */;
			productType = "com.apple.product-type.application";
		};
		6DBFE5C02442CFC400178460 /* ExampleTests */ = {
			isa = PBXNativeTarget;
			buildConfigurationList = 6DBFE5D82442CFC500178460 /* Build configuration list for PBXNativeTarget "ExampleTests" */;
			buildPhases = (
				7B19154C4FD8978743762B3A /* [CP] Check Pods Manifest.lock */,
				6DBFE5BD2442CFC400178460 /* Sources */,
				6DBFE5BE2442CFC400178460 /* Frameworks */,
				6DBFE5BF2442CFC400178460 /* Resources */,
			);
			buildRules = (
			);
			dependencies = (
				6DBFE5C32442CFC400178460 /* PBXTargetDependency */,
			);
			name = ExampleTests;
			productName = ExampleTests;
			productReference = 6DBFE5C12442CFC400178460 /* ExampleTests.xctest */;
			productType = "com.apple.product-type.bundle.unit-test";
		};
		6DBFE5CB2442CFC500178460 /* ExampleUITests */ = {
			isa = PBXNativeTarget;
			buildConfigurationList = 6DBFE5DB2442CFC500178460 /* Build configuration list for PBXNativeTarget "ExampleUITests" */;
			buildPhases = (
				E94FCC32DA4AF9E66A10870B /* [CP] Check Pods Manifest.lock */,
				6DBFE5C82442CFC500178460 /* Sources */,
				6DBFE5C92442CFC500178460 /* Frameworks */,
				6DBFE5CA2442CFC500178460 /* Resources */,
				BCD2D1FADCABF4970CE05771 /* [CP] Embed Pods Frameworks */,
			);
			buildRules = (
			);
			dependencies = (
				6DBFE5CE2442CFC500178460 /* PBXTargetDependency */,
			);
			name = ExampleUITests;
			productName = ExampleUITests;
			productReference = 6DBFE5CC2442CFC500178460 /* ExampleUITests.xctest */;
			productType = "com.apple.product-type.bundle.ui-testing";
		};
/* End PBXNativeTarget section */

/* Begin PBXProject section */
		6DBFE5A02442CFC300178460 /* Project object */ = {
			isa = PBXProject;
			attributes = {
				LastSwiftUpdateCheck = 1140;
				LastUpgradeCheck = 1160;
				ORGANIZATIONNAME = PFXStudio;
				TargetAttributes = {
					6DBFE5A72442CFC300178460 = {
						CreatedOnToolsVersion = 11.4;
					};
					6DBFE5C02442CFC400178460 = {
						CreatedOnToolsVersion = 11.4;
						TestTargetID = 6DBFE5A72442CFC300178460;
					};
					6DBFE5CB2442CFC500178460 = {
						CreatedOnToolsVersion = 11.4;
						TestTargetID = 6DBFE5A72442CFC300178460;
					};
				};
			};
			buildConfigurationList = 6DBFE5A32442CFC300178460 /* Build configuration list for PBXProject "Example" */;
			compatibilityVersion = "Xcode 9.3";
			developmentRegion = en;
			hasScannedForEncodings = 0;
			knownRegions = (
				en,
				Base,
			);
			mainGroup = 6DBFE59F2442CFC300178460;
			productRefGroup = 6DBFE5A92442CFC300178460 /* Products */;
			projectDirPath = "";
			projectReferences = (
				{
					ProductGroup = 6DC753CA244497250094A1EB /* Products */;
					ProjectRef = 6DC753C9244497250094A1EB /* CleanerKit.xcodeproj */;
				},
			);
			projectRoot = "";
			targets = (
				6DBFE5A72442CFC300178460 /* Example */,
				6DBFE5C02442CFC400178460 /* ExampleTests */,
				6DBFE5CB2442CFC500178460 /* ExampleUITests */,
			);
		};
/* End PBXProject section */

/* Begin PBXReferenceProxy section */
		6DC753D0244497250094A1EB /* CleanerKit.framework */ = {
			isa = PBXReferenceProxy;
			fileType = wrapper.framework;
			path = CleanerKit.framework;
			remoteRef = 6DC753CF244497250094A1EB /* PBXContainerItemProxy */;
			sourceTree = BUILT_PRODUCTS_DIR;
		};
		6DC753D2244497250094A1EB /* CleanerKitTests.xctest */ = {
			isa = PBXReferenceProxy;
			fileType = wrapper.cfbundle;
			path = CleanerKitTests.xctest;
			remoteRef = 6DC753D1244497250094A1EB /* PBXContainerItemProxy */;
			sourceTree = BUILT_PRODUCTS_DIR;
		};
/* End PBXReferenceProxy section */

/* Begin PBXResourcesBuildPhase section */
		6DBFE5A62442CFC300178460 /* Resources */ = {
			isa = PBXResourcesBuildPhase;
			buildActionMask = 2147483647;
			files = (
				6DBFE5BB2442CFC400178460 /* LaunchScreen.storyboard in Resources */,
				6DBFE5B82442CFC400178460 /* Assets.xcassets in Resources */,
				6DBFE5B32442CFC300178460 /* Main.storyboard in Resources */,
			);
			runOnlyForDeploymentPostprocessing = 0;
		};
		6DBFE5BF2442CFC400178460 /* Resources */ = {
			isa = PBXResourcesBuildPhase;
			buildActionMask = 2147483647;
			files = (
			);
			runOnlyForDeploymentPostprocessing = 0;
		};
		6DBFE5CA2442CFC500178460 /* Resources */ = {
			isa = PBXResourcesBuildPhase;
			buildActionMask = 2147483647;
			files = (
			);
			runOnlyForDeploymentPostprocessing = 0;
		};
/* End PBXResourcesBuildPhase section */

/* Begin PBXShellScriptBuildPhase section */
		4394D2B713B66F3D6938D2BC /* [CP] Embed Pods Frameworks */ = {
			isa = PBXShellScriptBuildPhase;
			buildActionMask = 2147483647;
			files = (
			);
			inputFileListPaths = (
				"${PODS_ROOT}/Target Support Files/Pods-Example/Pods-Example-frameworks-${CONFIGURATION}-input-files.xcfilelist",
			);
			name = "[CP] Embed Pods Frameworks";
			outputFileListPaths = (
				"${PODS_ROOT}/Target Support Files/Pods-Example/Pods-Example-frameworks-${CONFIGURATION}-output-files.xcfilelist",
			);
			runOnlyForDeploymentPostprocessing = 0;
			shellPath = /bin/sh;
			shellScript = "\"${PODS_ROOT}/Target Support Files/Pods-Example/Pods-Example-frameworks.sh\"\n";
			showEnvVarsInLog = 0;
		};
		7B19154C4FD8978743762B3A /* [CP] Check Pods Manifest.lock */ = {
			isa = PBXShellScriptBuildPhase;
			buildActionMask = 2147483647;
			files = (
			);
			inputFileListPaths = (
			);
			inputPaths = (
				"${PODS_PODFILE_DIR_PATH}/Podfile.lock",
				"${PODS_ROOT}/Manifest.lock",
			);
			name = "[CP] Check Pods Manifest.lock";
			outputFileListPaths = (
			);
			outputPaths = (
				"$(DERIVED_FILE_DIR)/Pods-ExampleTests-checkManifestLockResult.txt",
			);
			runOnlyForDeploymentPostprocessing = 0;
			shellPath = /bin/sh;
			shellScript = "diff \"${PODS_PODFILE_DIR_PATH}/Podfile.lock\" \"${PODS_ROOT}/Manifest.lock\" > /dev/null\nif [ $? != 0 ] ; then\n    # print error to STDERR\n    echo \"error: The sandbox is not in sync with the Podfile.lock. Run 'pod install' or update your CocoaPods installation.\" >&2\n    exit 1\nfi\n# This output is used by Xcode 'outputs' to avoid re-running this script phase.\necho \"SUCCESS\" > \"${SCRIPT_OUTPUT_FILE_0}\"\n";
			showEnvVarsInLog = 0;
		};
		BCD2D1FADCABF4970CE05771 /* [CP] Embed Pods Frameworks */ = {
			isa = PBXShellScriptBuildPhase;
			buildActionMask = 2147483647;
			files = (
			);
			inputFileListPaths = (
				"${PODS_ROOT}/Target Support Files/Pods-Example-ExampleUITests/Pods-Example-ExampleUITests-frameworks-${CONFIGURATION}-input-files.xcfilelist",
			);
			name = "[CP] Embed Pods Frameworks";
			outputFileListPaths = (
				"${PODS_ROOT}/Target Support Files/Pods-Example-ExampleUITests/Pods-Example-ExampleUITests-frameworks-${CONFIGURATION}-output-files.xcfilelist",
			);
			runOnlyForDeploymentPostprocessing = 0;
			shellPath = /bin/sh;
			shellScript = "\"${PODS_ROOT}/Target Support Files/Pods-Example-ExampleUITests/Pods-Example-ExampleUITests-frameworks.sh\"\n";
			showEnvVarsInLog = 0;
		};
		E35008BDB98FD72C96759A0E /* [CP] Check Pods Manifest.lock */ = {
			isa = PBXShellScriptBuildPhase;
			buildActionMask = 2147483647;
			files = (
			);
			inputFileListPaths = (
			);
			inputPaths = (
				"${PODS_PODFILE_DIR_PATH}/Podfile.lock",
				"${PODS_ROOT}/Manifest.lock",
			);
			name = "[CP] Check Pods Manifest.lock";
			outputFileListPaths = (
			);
			outputPaths = (
				"$(DERIVED_FILE_DIR)/Pods-Example-checkManifestLockResult.txt",
			);
			runOnlyForDeploymentPostprocessing = 0;
			shellPath = /bin/sh;
			shellScript = "diff \"${PODS_PODFILE_DIR_PATH}/Podfile.lock\" \"${PODS_ROOT}/Manifest.lock\" > /dev/null\nif [ $? != 0 ] ; then\n    # print error to STDERR\n    echo \"error: The sandbox is not in sync with the Podfile.lock. Run 'pod install' or update your CocoaPods installation.\" >&2\n    exit 1\nfi\n# This output is used by Xcode 'outputs' to avoid re-running this script phase.\necho \"SUCCESS\" > \"${SCRIPT_OUTPUT_FILE_0}\"\n";
			showEnvVarsInLog = 0;
		};
		E94FCC32DA4AF9E66A10870B /* [CP] Check Pods Manifest.lock */ = {
			isa = PBXShellScriptBuildPhase;
			buildActionMask = 2147483647;
			files = (
			);
			inputFileListPaths = (
			);
			inputPaths = (
				"${PODS_PODFILE_DIR_PATH}/Podfile.lock",
				"${PODS_ROOT}/Manifest.lock",
			);
			name = "[CP] Check Pods Manifest.lock";
			outputFileListPaths = (
			);
			outputPaths = (
				"$(DERIVED_FILE_DIR)/Pods-Example-ExampleUITests-checkManifestLockResult.txt",
			);
			runOnlyForDeploymentPostprocessing = 0;
			shellPath = /bin/sh;
			shellScript = "diff \"${PODS_PODFILE_DIR_PATH}/Podfile.lock\" \"${PODS_ROOT}/Manifest.lock\" > /dev/null\nif [ $? != 0 ] ; then\n    # print error to STDERR\n    echo \"error: The sandbox is not in sync with the Podfile.lock. Run 'pod install' or update your CocoaPods installation.\" >&2\n    exit 1\nfi\n# This output is used by Xcode 'outputs' to avoid re-running this script phase.\necho \"SUCCESS\" > \"${SCRIPT_OUTPUT_FILE_0}\"\n";
			showEnvVarsInLog = 0;
		};
/* End PBXShellScriptBuildPhase section */

/* Begin PBXSourcesBuildPhase section */
		6DBFE5A42442CFC300178460 /* Sources */ = {
			isa = PBXSourcesBuildPhase;
			buildActionMask = 2147483647;
			files = (
				6D6E0DCC2501B1D200731783 /* Check.swift in Sources */,
				6DBFE5B62442CFC300178460 /* Example.xcdatamodeld in Sources */,
				6DBFE5B02442CFC300178460 /* ViewController.swift in Sources */,
				6D349C9425065D110085F13D /* StoreInteractor.swift in Sources */,
				6DBFE5AC2442CFC300178460 /* AppDelegate.swift in Sources */,
				6D349C9825065D920085F13D /* StoreResponseModels.swift in Sources */,
				6D349C9625065D840085F13D /* StoreParams.swift in Sources */,
			);
			runOnlyForDeploymentPostprocessing = 0;
		};
		6DBFE5BD2442CFC400178460 /* Sources */ = {
			isa = PBXSourcesBuildPhase;
			buildActionMask = 2147483647;
			files = (
				6DBFE5C62442CFC400178460 /* ExampleTests.swift in Sources */,
			);
			runOnlyForDeploymentPostprocessing = 0;
		};
		6DBFE5C82442CFC500178460 /* Sources */ = {
			isa = PBXSourcesBuildPhase;
			buildActionMask = 2147483647;
			files = (
				6DBFE5D12442CFC500178460 /* ExampleUITests.swift in Sources */,
			);
			runOnlyForDeploymentPostprocessing = 0;
		};
/* End PBXSourcesBuildPhase section */

/* Begin PBXTargetDependency section */
		6DBFE5C32442CFC400178460 /* PBXTargetDependency */ = {
			isa = PBXTargetDependency;
			target = 6DBFE5A72442CFC300178460 /* Example */;
			targetProxy = 6DBFE5C22442CFC400178460 /* PBXContainerItemProxy */;
		};
		6DBFE5CE2442CFC500178460 /* PBXTargetDependency */ = {
			isa = PBXTargetDependency;
			target = 6DBFE5A72442CFC300178460 /* Example */;
			targetProxy = 6DBFE5CD2442CFC500178460 /* PBXContainerItemProxy */;
		};
		6DC753D42444972E0094A1EB /* PBXTargetDependency */ = {
			isa = PBXTargetDependency;
			name = "CleanerKit-Universal";
			targetProxy = 6DC753D32444972E0094A1EB /* PBXContainerItemProxy */;
		};
/* End PBXTargetDependency section */

/* Begin PBXVariantGroup section */
		6DBFE5B12442CFC300178460 /* Main.storyboard */ = {
			isa = PBXVariantGroup;
			children = (
				6DBFE5B22442CFC300178460 /* Base */,
			);
			name = Main.storyboard;
			sourceTree = "<group>";
		};
		6DBFE5B92442CFC400178460 /* LaunchScreen.storyboard */ = {
			isa = PBXVariantGroup;
			children = (
				6DBFE5BA2442CFC400178460 /* Base */,
			);
			name = LaunchScreen.storyboard;
			sourceTree = "<group>";
		};
/* End PBXVariantGroup section */

/* Begin XCBuildConfiguration section */
		6DBFE5D32442CFC500178460 /* Debug */ = {
			isa = XCBuildConfiguration;
			buildSettings = {
				ALWAYS_SEARCH_USER_PATHS = NO;
				CLANG_ANALYZER_NONNULL = YES;
				CLANG_ANALYZER_NUMBER_OBJECT_CONVERSION = YES_AGGRESSIVE;
				CLANG_CXX_LANGUAGE_STANDARD = "gnu++14";
				CLANG_CXX_LIBRARY = "libc++";
				CLANG_ENABLE_MODULES = YES;
				CLANG_ENABLE_OBJC_ARC = YES;
				CLANG_ENABLE_OBJC_WEAK = YES;
				CLANG_WARN_BLOCK_CAPTURE_AUTORELEASING = YES;
				CLANG_WARN_BOOL_CONVERSION = YES;
				CLANG_WARN_COMMA = YES;
				CLANG_WARN_CONSTANT_CONVERSION = YES;
				CLANG_WARN_DEPRECATED_OBJC_IMPLEMENTATIONS = YES;
				CLANG_WARN_DIRECT_OBJC_ISA_USAGE = YES_ERROR;
				CLANG_WARN_DOCUMENTATION_COMMENTS = YES;
				CLANG_WARN_EMPTY_BODY = YES;
				CLANG_WARN_ENUM_CONVERSION = YES;
				CLANG_WARN_INFINITE_RECURSION = YES;
				CLANG_WARN_INT_CONVERSION = YES;
				CLANG_WARN_NON_LITERAL_NULL_CONVERSION = YES;
				CLANG_WARN_OBJC_IMPLICIT_RETAIN_SELF = YES;
				CLANG_WARN_OBJC_LITERAL_CONVERSION = YES;
				CLANG_WARN_OBJC_ROOT_CLASS = YES_ERROR;
				CLANG_WARN_RANGE_LOOP_ANALYSIS = YES;
				CLANG_WARN_STRICT_PROTOTYPES = YES;
				CLANG_WARN_SUSPICIOUS_MOVE = YES;
				CLANG_WARN_UNGUARDED_AVAILABILITY = YES_AGGRESSIVE;
				CLANG_WARN_UNREACHABLE_CODE = YES;
				CLANG_WARN__DUPLICATE_METHOD_MATCH = YES;
				COPY_PHASE_STRIP = NO;
				DEBUG_INFORMATION_FORMAT = dwarf;
				ENABLE_STRICT_OBJC_MSGSEND = YES;
				ENABLE_TESTABILITY = YES;
				GCC_C_LANGUAGE_STANDARD = gnu11;
				GCC_DYNAMIC_NO_PIC = NO;
				GCC_NO_COMMON_BLOCKS = YES;
				GCC_OPTIMIZATION_LEVEL = 0;
				GCC_PREPROCESSOR_DEFINITIONS = (
					"DEBUG=1",
					"$(inherited)",
				);
				GCC_WARN_64_TO_32_BIT_CONVERSION = YES;
				GCC_WARN_ABOUT_RETURN_TYPE = YES_ERROR;
				GCC_WARN_UNDECLARED_SELECTOR = YES;
				GCC_WARN_UNINITIALIZED_AUTOS = YES_AGGRESSIVE;
				GCC_WARN_UNUSED_FUNCTION = YES;
				GCC_WARN_UNUSED_VARIABLE = YES;
				IPHONEOS_DEPLOYMENT_TARGET = 11.0;
				MTL_ENABLE_DEBUG_INFO = INCLUDE_SOURCE;
				MTL_FAST_MATH = YES;
				ONLY_ACTIVE_ARCH = YES;
				SDKROOT = iphoneos;
				SWIFT_ACTIVE_COMPILATION_CONDITIONS = DEBUG;
				SWIFT_OPTIMIZATION_LEVEL = "-Onone";
			};
			name = Debug;
		};
		6DBFE5D42442CFC500178460 /* Release */ = {
			isa = XCBuildConfiguration;
			buildSettings = {
				ALWAYS_SEARCH_USER_PATHS = NO;
				CLANG_ANALYZER_NONNULL = YES;
				CLANG_ANALYZER_NUMBER_OBJECT_CONVERSION = YES_AGGRESSIVE;
				CLANG_CXX_LANGUAGE_STANDARD = "gnu++14";
				CLANG_CXX_LIBRARY = "libc++";
				CLANG_ENABLE_MODULES = YES;
				CLANG_ENABLE_OBJC_ARC = YES;
				CLANG_ENABLE_OBJC_WEAK = YES;
				CLANG_WARN_BLOCK_CAPTURE_AUTORELEASING = YES;
				CLANG_WARN_BOOL_CONVERSION = YES;
				CLANG_WARN_COMMA = YES;
				CLANG_WARN_CONSTANT_CONVERSION = YES;
				CLANG_WARN_DEPRECATED_OBJC_IMPLEMENTATIONS = YES;
				CLANG_WARN_DIRECT_OBJC_ISA_USAGE = YES_ERROR;
				CLANG_WARN_DOCUMENTATION_COMMENTS = YES;
				CLANG_WARN_EMPTY_BODY = YES;
				CLANG_WARN_ENUM_CONVERSION = YES;
				CLANG_WARN_INFINITE_RECURSION = YES;
				CLANG_WARN_INT_CONVERSION = YES;
				CLANG_WARN_NON_LITERAL_NULL_CONVERSION = YES;
				CLANG_WARN_OBJC_IMPLICIT_RETAIN_SELF = YES;
				CLANG_WARN_OBJC_LITERAL_CONVERSION = YES;
				CLANG_WARN_OBJC_ROOT_CLASS = YES_ERROR;
				CLANG_WARN_RANGE_LOOP_ANALYSIS = YES;
				CLANG_WARN_STRICT_PROTOTYPES = YES;
				CLANG_WARN_SUSPICIOUS_MOVE = YES;
				CLANG_WARN_UNGUARDED_AVAILABILITY = YES_AGGRESSIVE;
				CLANG_WARN_UNREACHABLE_CODE = YES;
				CLANG_WARN__DUPLICATE_METHOD_MATCH = YES;
				COPY_PHASE_STRIP = NO;
				DEBUG_INFORMATION_FORMAT = "dwarf-with-dsym";
				ENABLE_NS_ASSERTIONS = NO;
				ENABLE_STRICT_OBJC_MSGSEND = YES;
				GCC_C_LANGUAGE_STANDARD = gnu11;
				GCC_NO_COMMON_BLOCKS = YES;
				GCC_WARN_64_TO_32_BIT_CONVERSION = YES;
				GCC_WARN_ABOUT_RETURN_TYPE = YES_ERROR;
				GCC_WARN_UNDECLARED_SELECTOR = YES;
				GCC_WARN_UNINITIALIZED_AUTOS = YES_AGGRESSIVE;
				GCC_WARN_UNUSED_FUNCTION = YES;
				GCC_WARN_UNUSED_VARIABLE = YES;
				IPHONEOS_DEPLOYMENT_TARGET = 11.0;
				MTL_ENABLE_DEBUG_INFO = NO;
				MTL_FAST_MATH = YES;
				SDKROOT = iphoneos;
				SWIFT_COMPILATION_MODE = wholemodule;
				SWIFT_OPTIMIZATION_LEVEL = "-O";
				VALIDATE_PRODUCT = YES;
			};
			name = Release;
		};
		6DBFE5D62442CFC500178460 /* Debug */ = {
			isa = XCBuildConfiguration;
			baseConfigurationReference = C5D734C2B9DF8AB72A694AD3 /* Pods-Example.debug.xcconfig */;
			buildSettings = {
				ASSETCATALOG_COMPILER_APPICON_NAME = AppIcon;
				CODE_SIGN_IDENTITY = "iPhone Developer";
				CODE_SIGN_INJECT_BASE_ENTITLEMENTS = NO;
				CODE_SIGN_STYLE = Automatic;
				DEVELOPMENT_TEAM = 8CABCZMNNS;
				ENABLE_BITCODE = NO;
				FRAMEWORK_SEARCH_PATHS = (
					"$(inherited)",
					"$(SRCROOT)/../ThirdKits/CleanerKit",
				);
				INFOPLIST_FILE = Example/Info.plist;
				IPHONEOS_DEPLOYMENT_TARGET = 11.0;
				LD_RUNPATH_SEARCH_PATHS = (
					"$(inherited)",
					"@executable_path/Frameworks",
				);
				ONLY_ACTIVE_ARCH = NO;
				PRODUCT_BUNDLE_IDENTIFIER = com.nyon.Example;
				PRODUCT_NAME = "$(TARGET_NAME)";
				SWIFT_VERSION = 5.0;
				TARGETED_DEVICE_FAMILY = "1,2";
			};
			name = Debug;
		};
		6DBFE5D72442CFC500178460 /* Release */ = {
			isa = XCBuildConfiguration;
			baseConfigurationReference = 25DF03BD6F4AEA8665E6F6AF /* Pods-Example.release.xcconfig */;
			buildSettings = {
				ASSETCATALOG_COMPILER_APPICON_NAME = AppIcon;
				CODE_SIGN_IDENTITY = "iPhone Developer";
				CODE_SIGN_INJECT_BASE_ENTITLEMENTS = NO;
				CODE_SIGN_STYLE = Automatic;
				DEVELOPMENT_TEAM = 8CABCZMNNS;
				ENABLE_BITCODE = NO;
				FRAMEWORK_SEARCH_PATHS = (
					"$(inherited)",
					"$(SRCROOT)/../ThirdKits/CleanerKit",
				);
				INFOPLIST_FILE = Example/Info.plist;
				IPHONEOS_DEPLOYMENT_TARGET = 11.0;
				LD_RUNPATH_SEARCH_PATHS = (
					"$(inherited)",
					"@executable_path/Frameworks",
				);
				ONLY_ACTIVE_ARCH = NO;
				PRODUCT_BUNDLE_IDENTIFIER = com.nyon.Example;
				PRODUCT_NAME = "$(TARGET_NAME)";
				SWIFT_VERSION = 5.0;
				TARGETED_DEVICE_FAMILY = "1,2";
			};
			name = Release;
		};
		6DBFE5D92442CFC500178460 /* Debug */ = {
			isa = XCBuildConfiguration;
			baseConfigurationReference = 755DDD487218C350ADF56B7A /* Pods-ExampleTests.debug.xcconfig */;
			buildSettings = {
				ALWAYS_EMBED_SWIFT_STANDARD_LIBRARIES = "$(inherited)";
				BUNDLE_LOADER = "$(TEST_HOST)";
				CODE_SIGN_STYLE = Automatic;
				INFOPLIST_FILE = ExampleTests/Info.plist;
				IPHONEOS_DEPLOYMENT_TARGET = 13.4;
				LD_RUNPATH_SEARCH_PATHS = (
					"$(inherited)",
					"@executable_path/Frameworks",
					"@loader_path/Frameworks",
				);
				PRODUCT_BUNDLE_IDENTIFIER = com.pfxstudio.ExampleTests;
				PRODUCT_NAME = "$(TARGET_NAME)";
				SWIFT_VERSION = 5.0;
				TARGETED_DEVICE_FAMILY = "1,2";
				TEST_HOST = "$(BUILT_PRODUCTS_DIR)/Example.app/Example";
			};
			name = Debug;
		};
		6DBFE5DA2442CFC500178460 /* Release */ = {
			isa = XCBuildConfiguration;
			baseConfigurationReference = EF3BF1A078C6DA617D1B0EA7 /* Pods-ExampleTests.release.xcconfig */;
			buildSettings = {
				ALWAYS_EMBED_SWIFT_STANDARD_LIBRARIES = "$(inherited)";
				BUNDLE_LOADER = "$(TEST_HOST)";
				CODE_SIGN_STYLE = Automatic;
				INFOPLIST_FILE = ExampleTests/Info.plist;
				IPHONEOS_DEPLOYMENT_TARGET = 13.4;
				LD_RUNPATH_SEARCH_PATHS = (
					"$(inherited)",
					"@executable_path/Frameworks",
					"@loader_path/Frameworks",
				);
				PRODUCT_BUNDLE_IDENTIFIER = com.pfxstudio.ExampleTests;
				PRODUCT_NAME = "$(TARGET_NAME)";
				SWIFT_VERSION = 5.0;
				TARGETED_DEVICE_FAMILY = "1,2";
				TEST_HOST = "$(BUILT_PRODUCTS_DIR)/Example.app/Example";
			};
			name = Release;
		};
		6DBFE5DC2442CFC500178460 /* Debug */ = {
			isa = XCBuildConfiguration;
			baseConfigurationReference = 6198D7DF82A2C27E945A1B74 /* Pods-Example-ExampleUITests.debug.xcconfig */;
			buildSettings = {
				ALWAYS_EMBED_SWIFT_STANDARD_LIBRARIES = "$(inherited)";
				CODE_SIGN_STYLE = Automatic;
				INFOPLIST_FILE = ExampleUITests/Info.plist;
				LD_RUNPATH_SEARCH_PATHS = (
					"$(inherited)",
					"@executable_path/Frameworks",
					"@loader_path/Frameworks",
				);
				PRODUCT_BUNDLE_IDENTIFIER = com.pfxstudio.ExampleUITests;
				PRODUCT_NAME = "$(TARGET_NAME)";
				SWIFT_VERSION = 5.0;
				TARGETED_DEVICE_FAMILY = "1,2";
				TEST_TARGET_NAME = Example;
			};
			name = Debug;
		};
		6DBFE5DD2442CFC500178460 /* Release */ = {
			isa = XCBuildConfiguration;
			baseConfigurationReference = EE6F4F4FA3C918756E772310 /* Pods-Example-ExampleUITests.release.xcconfig */;
			buildSettings = {
				ALWAYS_EMBED_SWIFT_STANDARD_LIBRARIES = "$(inherited)";
				CODE_SIGN_STYLE = Automatic;
				INFOPLIST_FILE = ExampleUITests/Info.plist;
				LD_RUNPATH_SEARCH_PATHS = (
					"$(inherited)",
					"@executable_path/Frameworks",
					"@loader_path/Frameworks",
				);
				PRODUCT_BUNDLE_IDENTIFIER = com.pfxstudio.ExampleUITests;
				PRODUCT_NAME = "$(TARGET_NAME)";
				SWIFT_VERSION = 5.0;
				TARGETED_DEVICE_FAMILY = "1,2";
				TEST_TARGET_NAME = Example;
			};
			name = Release;
		};
/* End XCBuildConfiguration section */

/* Begin XCConfigurationList section */
		6DBFE5A32442CFC300178460 /* Build configuration list for PBXProject "Example" */ = {
			isa = XCConfigurationList;
			buildConfigurations = (
				6DBFE5D32442CFC500178460 /* Debug */,
				6DBFE5D42442CFC500178460 /* Release */,
			);
			defaultConfigurationIsVisible = 0;
			defaultConfigurationName = Release;
		};
		6DBFE5D52442CFC500178460 /* Build configuration list for PBXNativeTarget "Example" */ = {
			isa = XCConfigurationList;
			buildConfigurations = (
				6DBFE5D62442CFC500178460 /* Debug */,
				6DBFE5D72442CFC500178460 /* Release */,
			);
			defaultConfigurationIsVisible = 0;
			defaultConfigurationName = Release;
		};
		6DBFE5D82442CFC500178460 /* Build configuration list for PBXNativeTarget "ExampleTests" */ = {
			isa = XCConfigurationList;
			buildConfigurations = (
				6DBFE5D92442CFC500178460 /* Debug */,
				6DBFE5DA2442CFC500178460 /* Release */,
			);
			defaultConfigurationIsVisible = 0;
			defaultConfigurationName = Release;
		};
		6DBFE5DB2442CFC500178460 /* Build configuration list for PBXNativeTarget "ExampleUITests" */ = {
			isa = XCConfigurationList;
			buildConfigurations = (
				6DBFE5DC2442CFC500178460 /* Debug */,
				6DBFE5DD2442CFC500178460 /* Release */,
			);
			defaultConfigurationIsVisible = 0;
			defaultConfigurationName = Release;
		};
/* End XCConfigurationList section */

/* Begin XCVersionGroup section */
		6DBFE5B42442CFC300178460 /* Example.xcdatamodeld */ = {
			isa = XCVersionGroup;
			children = (
				6DBFE5B52442CFC300178460 /* Example.xcdatamodel */,
			);
			currentVersion = 6DBFE5B52442CFC300178460 /* Example.xcdatamodel */;
			path = Example.xcdatamodeld;
			sourceTree = "<group>";
			versionGroupType = wrapper.xcdatamodel;
		};
/* End XCVersionGroup section */
	};
	rootObject = 6DBFE5A02442CFC300178460 /* Project object */;
}
